// !$*UTF8*$!
{
	archiveVersion = 1;
	classes = {
	};
	objectVersion = 46;
	objects = {

/* Begin PBXBuildFile section */
		95EE49661F2F108B006D1467 /* main.m in Sources */ = {isa = PBXBuildFile; fileRef = 95EE49651F2F108B006D1467 /* main.m */; };
		95EE49691F2F108B006D1467 /* AppDelegate.m in Sources */ = {isa = PBXBuildFile; fileRef = 95EE49681F2F108B006D1467 /* AppDelegate.m */; };
		95EE496C1F2F108B006D1467 /* ViewController.m in Sources */ = {isa = PBXBuildFile; fileRef = 95EE496B1F2F108B006D1467 /* ViewController.m */; };
		95EE496F1F2F108B006D1467 /* Main.storyboard in Resources */ = {isa = PBXBuildFile; fileRef = 95EE496D1F2F108B006D1467 /* Main.storyboard */; };
		95EE49711F2F108B006D1467 /* Assets.xcassets in Resources */ = {isa = PBXBuildFile; fileRef = 95EE49701F2F108B006D1467 /* Assets.xcassets */; };
		95EE49741F2F108B006D1467 /* LaunchScreen.storyboard in Resources */ = {isa = PBXBuildFile; fileRef = 95EE49721F2F108B006D1467 /* LaunchScreen.storyboard */; };
		95EE497F1F2F108B006D1467 /* MoXi32ProjectTests.m in Sources */ = {isa = PBXBuildFile; fileRef = 95EE497E1F2F108B006D1467 /* MoXi32ProjectTests.m */; };
		95EE498A1F2F108B006D1467 /* MoXi32ProjectUITests.m in Sources */ = {isa = PBXBuildFile; fileRef = 95EE49891F2F108B006D1467 /* MoXi32ProjectUITests.m */; };
		95EE49AC1F2F1190006D1467 /* BaseViewController.m in Sources */ = {isa = PBXBuildFile; fileRef = 95EE499F1F2F1190006D1467 /* BaseViewController.m */; };
		95EE49AD1F2F1190006D1467 /* HomeViewController.m in Sources */ = {isa = PBXBuildFile; fileRef = 95EE49A21F2F1190006D1467 /* HomeViewController.m */; };
		95EE49AE1F2F1190006D1467 /* RoorViewController.m in Sources */ = {isa = PBXBuildFile; fileRef = 95EE49A51F2F1190006D1467 /* RoorViewController.m */; };
		95EE49AF1F2F1190006D1467 /* SecondViewController.m in Sources */ = {isa = PBXBuildFile; fileRef = 95EE49A81F2F1190006D1467 /* SecondViewController.m */; };
		95EE49B01F2F1190006D1467 /* ThirdViewController.m in Sources */ = {isa = PBXBuildFile; fileRef = 95EE49AB1F2F1190006D1467 /* ThirdViewController.m */; };
		95EE49B41F2F11B9006D1467 /* RootModel.m in Sources */ = {isa = PBXBuildFile; fileRef = 95EE49B31F2F11B9006D1467 /* RootModel.m */; };
		95EE49DD1F2F1D0A006D1467 /* FourthViewController.m in Sources */ = {isa = PBXBuildFile; fileRef = 95EE49DC1F2F1D0A006D1467 /* FourthViewController.m */; };
		95EE49EC1F2F1FB9006D1467 /* note_s.png in Resources */ = {isa = PBXBuildFile; fileRef = 95EE49E41F2F1FB9006D1467 /* note_s.png */; };
		95EE49ED1F2F1FB9006D1467 /* note.png in Resources */ = {isa = PBXBuildFile; fileRef = 95EE49E51F2F1FB9006D1467 /* note.png */; };
		95EE49EE1F2F1FB9006D1467 /* setting_s.png in Resources */ = {isa = PBXBuildFile; fileRef = 95EE49E61F2F1FB9006D1467 /* setting_s.png */; };
		95EE49EF1F2F1FB9006D1467 /* setting.png in Resources */ = {isa = PBXBuildFile; fileRef = 95EE49E71F2F1FB9006D1467 /* setting.png */; };
		95EE49F01F2F1FB9006D1467 /* tool_s.png in Resources */ = {isa = PBXBuildFile; fileRef = 95EE49E81F2F1FB9006D1467 /* tool_s.png */; };
		95EE49F11F2F1FB9006D1467 /* tool.png in Resources */ = {isa = PBXBuildFile; fileRef = 95EE49E91F2F1FB9006D1467 /* tool.png */; };
		95EE49F41F2F2039006D1467 /* home_s.png in Resources */ = {isa = PBXBuildFile; fileRef = 95EE49F21F2F2039006D1467 /* home_s.png */; };
		95EE49F51F2F2039006D1467 /* home.png in Resources */ = {isa = PBXBuildFile; fileRef = 95EE49F31F2F2039006D1467 /* home.png */; };
		95EE4A0E1F301FAC006D1467 /* InfoPlist.strings in Resources */ = {isa = PBXBuildFile; fileRef = 95EE4A101F301FAC006D1467 /* InfoPlist.strings */; };
		95EE4A151F30239B006D1467 /* 0.png in Resources */ = {isa = PBXBuildFile; fileRef = 95EE4A141F30239B006D1467 /* 0.png */; };
		95EE4A1E1F302EF0006D1467 /* 1.png in Resources */ = {isa = PBXBuildFile; fileRef = 95EE4A161F302EF0006D1467 /* 1.png */; };
		95EE4A1F1F302EF0006D1467 /* 2.png in Resources */ = {isa = PBXBuildFile; fileRef = 95EE4A171F302EF0006D1467 /* 2.png */; };
		95EE4A201F302EF0006D1467 /* 3.png in Resources */ = {isa = PBXBuildFile; fileRef = 95EE4A181F302EF0006D1467 /* 3.png */; };
		95EE4A211F302EF0006D1467 /* 4.png in Resources */ = {isa = PBXBuildFile; fileRef = 95EE4A191F302EF0006D1467 /* 4.png */; };
		95EE4A221F302EF0006D1467 /* 5.png in Resources */ = {isa = PBXBuildFile; fileRef = 95EE4A1A1F302EF0006D1467 /* 5.png */; };
		95EE4A231F302EF0006D1467 /* 6.png in Resources */ = {isa = PBXBuildFile; fileRef = 95EE4A1B1F302EF0006D1467 /* 6.png */; };
		95EE4A241F302EF0006D1467 /* 7.png in Resources */ = {isa = PBXBuildFile; fileRef = 95EE4A1C1F302EF0006D1467 /* 7.png */; };
		95EE4A251F302EF0006D1467 /* 8.png in Resources */ = {isa = PBXBuildFile; fileRef = 95EE4A1D1F302EF0006D1467 /* 8.png */; };
		95EE4A281F302F8F006D1467 /* HomeDetialViewController.m in Sources */ = {isa = PBXBuildFile; fileRef = 95EE4A271F302F8F006D1467 /* HomeDetialViewController.m */; };
		95EE4A2C1F304420006D1467 /* Mxconfig.m in Sources */ = {isa = PBXBuildFile; fileRef = 95EE4A2B1F304420006D1467 /* Mxconfig.m */; };
		95EE4A2F1F3046C6006D1467 /* NSString+ChangeNumber.m in Sources */ = {isa = PBXBuildFile; fileRef = 95EE4A2E1F3046C6006D1467 /* NSString+ChangeNumber.m */; };
		95EE4A321F30499A006D1467 /* bottom_s.png in Resources */ = {isa = PBXBuildFile; fileRef = 95EE4A301F30499A006D1467 /* bottom_s.png */; };
		95EE4A331F30499A006D1467 /* bottom.png in Resources */ = {isa = PBXBuildFile; fileRef = 95EE4A311F30499A006D1467 /* bottom.png */; };
		95EE4A371F304A58006D1467 /* ZYFPopview.m in Sources */ = {isa = PBXBuildFile; fileRef = 95EE4A361F304A58006D1467 /* ZYFPopview.m */; };
		95EE4A391F304F53006D1467 /* jietu.png in Resources */ = {isa = PBXBuildFile; fileRef = 95EE4A381F304F53006D1467 /* jietu.png */; };
		95EE4A461F306117006D1467 /* background.png in Resources */ = {isa = PBXBuildFile; fileRef = 95EE4A421F306117006D1467 /* background.png */; };
		95EE4A471F306117006D1467 /* chart.png in Resources */ = {isa = PBXBuildFile; fileRef = 95EE4A431F306117006D1467 /* chart.png */; };
		95EE4A481F306117006D1467 /* luck.png in Resources */ = {isa = PBXBuildFile; fileRef = 95EE4A441F306117006D1467 /* luck.png */; };
		95EE4A491F306117006D1467 /* manger.png in Resources */ = {isa = PBXBuildFile; fileRef = 95EE4A451F306117006D1467 /* manger.png */; };
		95EE4A4C1F30637D006D1467 /* MangerViewController.m in Sources */ = {isa = PBXBuildFile; fileRef = 95EE4A4B1F30637D006D1467 /* MangerViewController.m */; };
		95EE4A4F1F3066EC006D1467 /* ChangeNumberViewController.m in Sources */ = {isa = PBXBuildFile; fileRef = 95EE4A4E1F3066EC006D1467 /* ChangeNumberViewController.m */; };
		95EE4A511F306867006D1467 /* tip.png in Resources */ = {isa = PBXBuildFile; fileRef = 95EE4A501F306867006D1467 /* tip.png */; };
		95EE4A971F307FAD006D1467 /* doc.png in Resources */ = {isa = PBXBuildFile; fileRef = 95EE4A8F1F307FAD006D1467 /* doc.png */; };
		95EE4A981F307FAD006D1467 /* eat.png in Resources */ = {isa = PBXBuildFile; fileRef = 95EE4A901F307FAD006D1467 /* eat.png */; };
		95EE4A991F307FAD006D1467 /* en.png in Resources */ = {isa = PBXBuildFile; fileRef = 95EE4A911F307FAD006D1467 /* en.png */; };
		95EE4A9A1F307FAD006D1467 /* happy.png in Resources */ = {isa = PBXBuildFile; fileRef = 95EE4A921F307FAD006D1467 /* happy.png */; };
		95EE4A9B1F307FAD006D1467 /* life.png in Resources */ = {isa = PBXBuildFile; fileRef = 95EE4A931F307FAD006D1467 /* life.png */; };
		95EE4A9C1F307FAD006D1467 /* other.png in Resources */ = {isa = PBXBuildFile; fileRef = 95EE4A941F307FAD006D1467 /* other.png */; };
		95EE4A9D1F307FAD006D1467 /* shop.png in Resources */ = {isa = PBXBuildFile; fileRef = 95EE4A951F307FAD006D1467 /* shop.png */; };
		95EE4A9E1F307FAD006D1467 /* tro.png in Resources */ = {isa = PBXBuildFile; fileRef = 95EE4A961F307FAD006D1467 /* tro.png */; };
		95EE4AA01F308548006D1467 /* add.png in Resources */ = {isa = PBXBuildFile; fileRef = 95EE4A9F1F308548006D1467 /* add.png */; };
		95EE4AB71F3164EB006D1467 /* NotesTableViewCell.m in Sources */ = {isa = PBXBuildFile; fileRef = 95EE4AB51F3164EB006D1467 /* NotesTableViewCell.m */; };
		95EE4AB81F3164EB006D1467 /* NotesTableViewCell.xib in Resources */ = {isa = PBXBuildFile; fileRef = 95EE4AB61F3164EB006D1467 /* NotesTableViewCell.xib */; };
		95EE4ABA1F31687C006D1467 /* money.png in Resources */ = {isa = PBXBuildFile; fileRef = 95EE4AB91F31687C006D1467 /* money.png */; };
		95EE4ACE1F3196E5006D1467 /* biao.png in Resources */ = {isa = PBXBuildFile; fileRef = 95EE4ACD1F3196E5006D1467 /* biao.png */; };
		95EE4AD11F31A47A006D1467 /* ChargeChartViewController.m in Sources */ = {isa = PBXBuildFile; fileRef = 95EE4AD01F31A47A006D1467 /* ChargeChartViewController.m */; };
		95EE4AD31F31A62F006D1467 /* backvc.png in Resources */ = {isa = PBXBuildFile; fileRef = 95EE4AD21F31A62F006D1467 /* backvc.png */; };
		95EE4ADE1F31AFA0006D1467 /* WSChart.m in Sources */ = {isa = PBXBuildFile; fileRef = 95EE4AD51F31AFA0006D1467 /* WSChart.m */; };
		95EE4ADF1F31AFA0006D1467 /* WSPieChart.m in Sources */ = {isa = PBXBuildFile; fileRef = 95EE4AD71F31AFA0006D1467 /* WSPieChart.m */; };
		95EE4AE01F31AFA0006D1467 /* WSPieForeBGView.m in Sources */ = {isa = PBXBuildFile; fileRef = 95EE4AD91F31AFA0006D1467 /* WSPieForeBGView.m */; };
		95EE4AE11F31AFA0006D1467 /* WSPieItemsView.m in Sources */ = {isa = PBXBuildFile; fileRef = 95EE4ADB1F31AFA0006D1467 /* WSPieItemsView.m */; };
		95EE4AE21F31AFA0006D1467 /* WSShowInfoView.m in Sources */ = {isa = PBXBuildFile; fileRef = 95EE4ADD1F31AFA0006D1467 /* WSShowInfoView.m */; };
		95EE4AE81F32B7BB006D1467 /* no.png in Resources */ = {isa = PBXBuildFile; fileRef = 95EE4AE61F32B7BB006D1467 /* no.png */; };
		95EE4AE91F32B7BB006D1467 /* notes.png in Resources */ = {isa = PBXBuildFile; fileRef = 95EE4AE71F32B7BB006D1467 /* notes.png */; };
		95EE4AEC1F32B869006D1467 /* NotesViewController.m in Sources */ = {isa = PBXBuildFile; fileRef = 95EE4AEB1F32B869006D1467 /* NotesViewController.m */; };
		95EE4B021F32C007006D1467 /* notes.plist in Resources */ = {isa = PBXBuildFile; fileRef = 95EE4B011F32C007006D1467 /* notes.plist */; };
		95EE4B041F32CCA8006D1467 /* pen.png in Resources */ = {isa = PBXBuildFile; fileRef = 95EE4B031F32CCA8006D1467 /* pen.png */; };
		95EE4B071F32CE3E006D1467 /* AddNotesViewController.m in Sources */ = {isa = PBXBuildFile; fileRef = 95EE4B061F32CE3E006D1467 /* AddNotesViewController.m */; };
		95EE4B0A1F32CE61006D1467 /* NotesDetialViewController.m in Sources */ = {isa = PBXBuildFile; fileRef = 95EE4B091F32CE61006D1467 /* NotesDetialViewController.m */; };
		A7A6D9A2F9EEA576A00333CA /* libPods-MoXi32Project.a in Frameworks */ = {isa = PBXBuildFile; fileRef = F51A826EF768C6B59EF19F9D /* libPods-MoXi32Project.a */; };
/* End PBXBuildFile section */

/* Begin PBXContainerItemProxy section */
		95EE497B1F2F108B006D1467 /* PBXContainerItemProxy */ = {
			isa = PBXContainerItemProxy;
			containerPortal = 95EE49591F2F108B006D1467 /* Project object */;
			proxyType = 1;
			remoteGlobalIDString = 95EE49601F2F108B006D1467;
			remoteInfo = MoXi32Project;
		};
		95EE49861F2F108B006D1467 /* PBXContainerItemProxy */ = {
			isa = PBXContainerItemProxy;
			containerPortal = 95EE49591F2F108B006D1467 /* Project object */;
			proxyType = 1;
			remoteGlobalIDString = 95EE49601F2F108B006D1467;
			remoteInfo = MoXi32Project;
		};
/* End PBXContainerItemProxy section */

/* Begin PBXFileReference section */
		95EE49611F2F108B006D1467 /* MoXi32Project.app */ = {isa = PBXFileReference; explicitFileType = wrapper.application; includeInIndex = 0; path = MoXi32Project.app; sourceTree = BUILT_PRODUCTS_DIR; };
		95EE49651F2F108B006D1467 /* main.m */ = {isa = PBXFileReference; lastKnownFileType = sourcecode.c.objc; path = main.m; sourceTree = "<group>"; };
		95EE49671F2F108B006D1467 /* AppDelegate.h */ = {isa = PBXFileReference; lastKnownFileType = sourcecode.c.h; path = AppDelegate.h; sourceTree = "<group>"; };
		95EE49681F2F108B006D1467 /* AppDelegate.m */ = {isa = PBXFileReference; lastKnownFileType = sourcecode.c.objc; path = AppDelegate.m; sourceTree = "<group>"; };
		95EE496A1F2F108B006D1467 /* ViewController.h */ = {isa = PBXFileReference; lastKnownFileType = sourcecode.c.h; path = ViewController.h; sourceTree = "<group>"; };
		95EE496B1F2F108B006D1467 /* ViewController.m */ = {isa = PBXFileReference; lastKnownFileType = sourcecode.c.objc; path = ViewController.m; sourceTree = "<group>"; };
		95EE496E1F2F108B006D1467 /* Base */ = {isa = PBXFileReference; lastKnownFileType = file.storyboard; name = Base; path = Base.lproj/Main.storyboard; sourceTree = "<group>"; };
		95EE49701F2F108B006D1467 /* Assets.xcassets */ = {isa = PBXFileReference; lastKnownFileType = folder.assetcatalog; path = Assets.xcassets; sourceTree = "<group>"; };
		95EE49731F2F108B006D1467 /* Base */ = {isa = PBXFileReference; lastKnownFileType = file.storyboard; name = Base; path = Base.lproj/LaunchScreen.storyboard; sourceTree = "<group>"; };
		95EE49751F2F108B006D1467 /* Info.plist */ = {isa = PBXFileReference; lastKnownFileType = text.plist.xml; path = Info.plist; sourceTree = "<group>"; };
		95EE497A1F2F108B006D1467 /* MoXi32ProjectTests.xctest */ = {isa = PBXFileReference; explicitFileType = wrapper.cfbundle; includeInIndex = 0; path = MoXi32ProjectTests.xctest; sourceTree = BUILT_PRODUCTS_DIR; };
		95EE497E1F2F108B006D1467 /* MoXi32ProjectTests.m */ = {isa = PBXFileReference; lastKnownFileType = sourcecode.c.objc; path = MoXi32ProjectTests.m; sourceTree = "<group>"; };
		95EE49801F2F108B006D1467 /* Info.plist */ = {isa = PBXFileReference; lastKnownFileType = text.plist.xml; path = Info.plist; sourceTree = "<group>"; };
		95EE49851F2F108B006D1467 /* MoXi32ProjectUITests.xctest */ = {isa = PBXFileReference; explicitFileType = wrapper.cfbundle; includeInIndex = 0; path = MoXi32ProjectUITests.xctest; sourceTree = BUILT_PRODUCTS_DIR; };
		95EE49891F2F108B006D1467 /* MoXi32ProjectUITests.m */ = {isa = PBXFileReference; lastKnownFileType = sourcecode.c.objc; path = MoXi32ProjectUITests.m; sourceTree = "<group>"; };
		95EE498B1F2F108B006D1467 /* Info.plist */ = {isa = PBXFileReference; lastKnownFileType = text.plist.xml; path = Info.plist; sourceTree = "<group>"; };
		95EE499E1F2F1190006D1467 /* BaseViewController.h */ = {isa = PBXFileReference; fileEncoding = 4; lastKnownFileType = sourcecode.c.h; path = BaseViewController.h; sourceTree = "<group>"; };
		95EE499F1F2F1190006D1467 /* BaseViewController.m */ = {isa = PBXFileReference; fileEncoding = 4; lastKnownFileType = sourcecode.c.objc; path = BaseViewController.m; sourceTree = "<group>"; };
		95EE49A11F2F1190006D1467 /* HomeViewController.h */ = {isa = PBXFileReference; fileEncoding = 4; lastKnownFileType = sourcecode.c.h; path = HomeViewController.h; sourceTree = "<group>"; };
		95EE49A21F2F1190006D1467 /* HomeViewController.m */ = {isa = PBXFileReference; fileEncoding = 4; lastKnownFileType = sourcecode.c.objc; path = HomeViewController.m; sourceTree = "<group>"; };
		95EE49A41F2F1190006D1467 /* RoorViewController.h */ = {isa = PBXFileReference; fileEncoding = 4; lastKnownFileType = sourcecode.c.h; path = RoorViewController.h; sourceTree = "<group>"; };
		95EE49A51F2F1190006D1467 /* RoorViewController.m */ = {isa = PBXFileReference; fileEncoding = 4; lastKnownFileType = sourcecode.c.objc; path = RoorViewController.m; sourceTree = "<group>"; };
		95EE49A71F2F1190006D1467 /* SecondViewController.h */ = {isa = PBXFileReference; fileEncoding = 4; lastKnownFileType = sourcecode.c.h; path = SecondViewController.h; sourceTree = "<group>"; };
		95EE49A81F2F1190006D1467 /* SecondViewController.m */ = {isa = PBXFileReference; fileEncoding = 4; lastKnownFileType = sourcecode.c.objc; path = SecondViewController.m; sourceTree = "<group>"; };
		95EE49AA1F2F1190006D1467 /* ThirdViewController.h */ = {isa = PBXFileReference; fileEncoding = 4; lastKnownFileType = sourcecode.c.h; path = ThirdViewController.h; sourceTree = "<group>"; };
		95EE49AB1F2F1190006D1467 /* ThirdViewController.m */ = {isa = PBXFileReference; fileEncoding = 4; lastKnownFileType = sourcecode.c.objc; path = ThirdViewController.m; sourceTree = "<group>"; };
		95EE49B21F2F11B9006D1467 /* RootModel.h */ = {isa = PBXFileReference; fileEncoding = 4; lastKnownFileType = sourcecode.c.h; path = RootModel.h; sourceTree = "<group>"; };
		95EE49B31F2F11B9006D1467 /* RootModel.m */ = {isa = PBXFileReference; fileEncoding = 4; lastKnownFileType = sourcecode.c.objc; path = RootModel.m; sourceTree = "<group>"; };
		95EE49B51F2F11D1006D1467 /* PrefixHeader.pch */ = {isa = PBXFileReference; fileEncoding = 4; lastKnownFileType = sourcecode.c.h; path = PrefixHeader.pch; sourceTree = "<group>"; };
		95EE49B71F2F120B006D1467 /* define_pro.h */ = {isa = PBXFileReference; fileEncoding = 4; lastKnownFileType = sourcecode.c.h; path = define_pro.h; sourceTree = "<group>"; };
		95EE49DB1F2F1D0A006D1467 /* FourthViewController.h */ = {isa = PBXFileReference; fileEncoding = 4; lastKnownFileType = sourcecode.c.h; path = FourthViewController.h; sourceTree = "<group>"; };
		95EE49DC1F2F1D0A006D1467 /* FourthViewController.m */ = {isa = PBXFileReference; fileEncoding = 4; lastKnownFileType = sourcecode.c.objc; path = FourthViewController.m; sourceTree = "<group>"; };
		95EE49E41F2F1FB9006D1467 /* note_s.png */ = {isa = PBXFileReference; lastKnownFileType = image.png; path = note_s.png; sourceTree = "<group>"; };
		95EE49E51F2F1FB9006D1467 /* note.png */ = {isa = PBXFileReference; lastKnownFileType = image.png; path = note.png; sourceTree = "<group>"; };
		95EE49E61F2F1FB9006D1467 /* setting_s.png */ = {isa = PBXFileReference; lastKnownFileType = image.png; path = setting_s.png; sourceTree = "<group>"; };
		95EE49E71F2F1FB9006D1467 /* setting.png */ = {isa = PBXFileReference; lastKnownFileType = image.png; path = setting.png; sourceTree = "<group>"; };
		95EE49E81F2F1FB9006D1467 /* tool_s.png */ = {isa = PBXFileReference; lastKnownFileType = image.png; path = tool_s.png; sourceTree = "<group>"; };
		95EE49E91F2F1FB9006D1467 /* tool.png */ = {isa = PBXFileReference; lastKnownFileType = image.png; path = tool.png; sourceTree = "<group>"; };
		95EE49F21F2F2039006D1467 /* home_s.png */ = {isa = PBXFileReference; lastKnownFileType = image.png; path = home_s.png; sourceTree = "<group>"; };
		95EE49F31F2F2039006D1467 /* home.png */ = {isa = PBXFileReference; lastKnownFileType = image.png; path = home.png; sourceTree = "<group>"; };
		95EE4A0F1F301FAC006D1467 /* en */ = {isa = PBXFileReference; lastKnownFileType = text.plist.strings; name = en; path = en.lproj/InfoPlist.strings; sourceTree = "<group>"; };
		95EE4A111F301FD3006D1467 /* zh-Hans */ = {isa = PBXFileReference; lastKnownFileType = text.plist.strings; name = "zh-Hans"; path = "zh-Hans.lproj/Main.strings"; sourceTree = "<group>"; };
		95EE4A121F301FD3006D1467 /* zh-Hans */ = {isa = PBXFileReference; lastKnownFileType = text.plist.strings; name = "zh-Hans"; path = "zh-Hans.lproj/LaunchScreen.strings"; sourceTree = "<group>"; };
		95EE4A131F301FD3006D1467 /* zh-Hans */ = {isa = PBXFileReference; lastKnownFileType = text.plist.strings; name = "zh-Hans"; path = "zh-Hans.lproj/InfoPlist.strings"; sourceTree = "<group>"; };
		95EE4A141F30239B006D1467 /* 0.png */ = {isa = PBXFileReference; lastKnownFileType = image.png; path = 0.png; sourceTree = "<group>"; };
		95EE4A161F302EF0006D1467 /* 1.png */ = {isa = PBXFileReference; lastKnownFileType = image.png; path = 1.png; sourceTree = "<group>"; };
		95EE4A171F302EF0006D1467 /* 2.png */ = {isa = PBXFileReference; lastKnownFileType = image.png; path = 2.png; sourceTree = "<group>"; };
		95EE4A181F302EF0006D1467 /* 3.png */ = {isa = PBXFileReference; lastKnownFileType = image.png; path = 3.png; sourceTree = "<group>"; };
		95EE4A191F302EF0006D1467 /* 4.png */ = {isa = PBXFileReference; lastKnownFileType = image.png; path = 4.png; sourceTree = "<group>"; };
		95EE4A1A1F302EF0006D1467 /* 5.png */ = {isa = PBXFileReference; lastKnownFileType = image.png; path = 5.png; sourceTree = "<group>"; };
		95EE4A1B1F302EF0006D1467 /* 6.png */ = {isa = PBXFileReference; lastKnownFileType = image.png; path = 6.png; sourceTree = "<group>"; };
		95EE4A1C1F302EF0006D1467 /* 7.png */ = {isa = PBXFileReference; lastKnownFileType = image.png; path = 7.png; sourceTree = "<group>"; };
		95EE4A1D1F302EF0006D1467 /* 8.png */ = {isa = PBXFileReference; lastKnownFileType = image.png; path = 8.png; sourceTree = "<group>"; };
		95EE4A261F302F8F006D1467 /* HomeDetialViewController.h */ = {isa = PBXFileReference; fileEncoding = 4; lastKnownFileType = sourcecode.c.h; path = HomeDetialViewController.h; sourceTree = "<group>"; };
		95EE4A271F302F8F006D1467 /* HomeDetialViewController.m */ = {isa = PBXFileReference; fileEncoding = 4; lastKnownFileType = sourcecode.c.objc; path = HomeDetialViewController.m; sourceTree = "<group>"; };
		95EE4A2A1F304420006D1467 /* Mxconfig.h */ = {isa = PBXFileReference; fileEncoding = 4; lastKnownFileType = sourcecode.c.h; path = Mxconfig.h; sourceTree = "<group>"; };
		95EE4A2B1F304420006D1467 /* Mxconfig.m */ = {isa = PBXFileReference; fileEncoding = 4; lastKnownFileType = sourcecode.c.objc; path = Mxconfig.m; sourceTree = "<group>"; };
		95EE4A2D1F3046C6006D1467 /* NSString+ChangeNumber.h */ = {isa = PBXFileReference; fileEncoding = 4; lastKnownFileType = sourcecode.c.h; path = "NSString+ChangeNumber.h"; sourceTree = "<group>"; };
		95EE4A2E1F3046C6006D1467 /* NSString+ChangeNumber.m */ = {isa = PBXFileReference; fileEncoding = 4; lastKnownFileType = sourcecode.c.objc; path = "NSString+ChangeNumber.m"; sourceTree = "<group>"; };
		95EE4A301F30499A006D1467 /* bottom_s.png */ = {isa = PBXFileReference; lastKnownFileType = image.png; path = bottom_s.png; sourceTree = "<group>"; };
		95EE4A311F30499A006D1467 /* bottom.png */ = {isa = PBXFileReference; lastKnownFileType = image.png; path = bottom.png; sourceTree = "<group>"; };
		95EE4A351F304A58006D1467 /* ZYFPopview.h */ = {isa = PBXFileReference; fileEncoding = 4; lastKnownFileType = sourcecode.c.h; path = ZYFPopview.h; sourceTree = "<group>"; };
		95EE4A361F304A58006D1467 /* ZYFPopview.m */ = {isa = PBXFileReference; fileEncoding = 4; lastKnownFileType = sourcecode.c.objc; path = ZYFPopview.m; sourceTree = "<group>"; };
		95EE4A381F304F53006D1467 /* jietu.png */ = {isa = PBXFileReference; lastKnownFileType = image.png; path = jietu.png; sourceTree = "<group>"; };
		95EE4A421F306117006D1467 /* background.png */ = {isa = PBXFileReference; lastKnownFileType = image.png; path = background.png; sourceTree = "<group>"; };
		95EE4A431F306117006D1467 /* chart.png */ = {isa = PBXFileReference; lastKnownFileType = image.png; path = chart.png; sourceTree = "<group>"; };
		95EE4A441F306117006D1467 /* luck.png */ = {isa = PBXFileReference; lastKnownFileType = image.png; path = luck.png; sourceTree = "<group>"; };
		95EE4A451F306117006D1467 /* manger.png */ = {isa = PBXFileReference; lastKnownFileType = image.png; path = manger.png; sourceTree = "<group>"; };
		95EE4A4A1F30637D006D1467 /* MangerViewController.h */ = {isa = PBXFileReference; fileEncoding = 4; lastKnownFileType = sourcecode.c.h; path = MangerViewController.h; sourceTree = "<group>"; };
		95EE4A4B1F30637D006D1467 /* MangerViewController.m */ = {isa = PBXFileReference; fileEncoding = 4; lastKnownFileType = sourcecode.c.objc; path = MangerViewController.m; sourceTree = "<group>"; };
		95EE4A4D1F3066EC006D1467 /* ChangeNumberViewController.h */ = {isa = PBXFileReference; fileEncoding = 4; lastKnownFileType = sourcecode.c.h; path = ChangeNumberViewController.h; sourceTree = "<group>"; };
		95EE4A4E1F3066EC006D1467 /* ChangeNumberViewController.m */ = {isa = PBXFileReference; fileEncoding = 4; lastKnownFileType = sourcecode.c.objc; path = ChangeNumberViewController.m; sourceTree = "<group>"; };
		95EE4A501F306867006D1467 /* tip.png */ = {isa = PBXFileReference; lastKnownFileType = image.png; path = tip.png; sourceTree = "<group>"; };
		95EE4A8F1F307FAD006D1467 /* doc.png */ = {isa = PBXFileReference; lastKnownFileType = image.png; path = doc.png; sourceTree = "<group>"; };
		95EE4A901F307FAD006D1467 /* eat.png */ = {isa = PBXFileReference; lastKnownFileType = image.png; path = eat.png; sourceTree = "<group>"; };
		95EE4A911F307FAD006D1467 /* en.png */ = {isa = PBXFileReference; lastKnownFileType = image.png; path = en.png; sourceTree = "<group>"; };
		95EE4A921F307FAD006D1467 /* happy.png */ = {isa = PBXFileReference; lastKnownFileType = image.png; path = happy.png; sourceTree = "<group>"; };
		95EE4A931F307FAD006D1467 /* life.png */ = {isa = PBXFileReference; lastKnownFileType = image.png; path = life.png; sourceTree = "<group>"; };
		95EE4A941F307FAD006D1467 /* other.png */ = {isa = PBXFileReference; lastKnownFileType = image.png; path = other.png; sourceTree = "<group>"; };
		95EE4A951F307FAD006D1467 /* shop.png */ = {isa = PBXFileReference; lastKnownFileType = image.png; path = shop.png; sourceTree = "<group>"; };
		95EE4A961F307FAD006D1467 /* tro.png */ = {isa = PBXFileReference; lastKnownFileType = image.png; path = tro.png; sourceTree = "<group>"; };
		95EE4A9F1F308548006D1467 /* add.png */ = {isa = PBXFileReference; lastKnownFileType = image.png; path = add.png; sourceTree = "<group>"; };
		95EE4AB41F3164EB006D1467 /* NotesTableViewCell.h */ = {isa = PBXFileReference; fileEncoding = 4; lastKnownFileType = sourcecode.c.h; path = NotesTableViewCell.h; sourceTree = "<group>"; };
		95EE4AB51F3164EB006D1467 /* NotesTableViewCell.m */ = {isa = PBXFileReference; fileEncoding = 4; lastKnownFileType = sourcecode.c.objc; path = NotesTableViewCell.m; sourceTree = "<group>"; };
		95EE4AB61F3164EB006D1467 /* NotesTableViewCell.xib */ = {isa = PBXFileReference; fileEncoding = 4; lastKnownFileType = file.xib; path = NotesTableViewCell.xib; sourceTree = "<group>"; };
		95EE4AB91F31687C006D1467 /* money.png */ = {isa = PBXFileReference; lastKnownFileType = image.png; path = money.png; sourceTree = "<group>"; };
		95EE4ACD1F3196E5006D1467 /* biao.png */ = {isa = PBXFileReference; lastKnownFileType = image.png; path = biao.png; sourceTree = "<group>"; };
		95EE4ACF1F31A47A006D1467 /* ChargeChartViewController.h */ = {isa = PBXFileReference; fileEncoding = 4; lastKnownFileType = sourcecode.c.h; path = ChargeChartViewController.h; sourceTree = "<group>"; };
		95EE4AD01F31A47A006D1467 /* ChargeChartViewController.m */ = {isa = PBXFileReference; fileEncoding = 4; lastKnownFileType = sourcecode.c.objc; path = ChargeChartViewController.m; sourceTree = "<group>"; };
		95EE4AD21F31A62F006D1467 /* backvc.png */ = {isa = PBXFileReference; lastKnownFileType = image.png; path = backvc.png; sourceTree = "<group>"; };
		95EE4AD41F31AFA0006D1467 /* WSChart.h */ = {isa = PBXFileReference; fileEncoding = 4; lastKnownFileType = sourcecode.c.h; path = WSChart.h; sourceTree = "<group>"; };
		95EE4AD51F31AFA0006D1467 /* WSChart.m */ = {isa = PBXFileReference; fileEncoding = 4; lastKnownFileType = sourcecode.c.objc; path = WSChart.m; sourceTree = "<group>"; };
		95EE4AD61F31AFA0006D1467 /* WSPieChart.h */ = {isa = PBXFileReference; fileEncoding = 4; lastKnownFileType = sourcecode.c.h; path = WSPieChart.h; sourceTree = "<group>"; };
		95EE4AD71F31AFA0006D1467 /* WSPieChart.m */ = {isa = PBXFileReference; fileEncoding = 4; lastKnownFileType = sourcecode.c.objc; path = WSPieChart.m; sourceTree = "<group>"; };
		95EE4AD81F31AFA0006D1467 /* WSPieForeBGView.h */ = {isa = PBXFileReference; fileEncoding = 4; lastKnownFileType = sourcecode.c.h; path = WSPieForeBGView.h; sourceTree = "<group>"; };
		95EE4AD91F31AFA0006D1467 /* WSPieForeBGView.m */ = {isa = PBXFileReference; fileEncoding = 4; lastKnownFileType = sourcecode.c.objc; path = WSPieForeBGView.m; sourceTree = "<group>"; };
		95EE4ADA1F31AFA0006D1467 /* WSPieItemsView.h */ = {isa = PBXFileReference; fileEncoding = 4; lastKnownFileType = sourcecode.c.h; path = WSPieItemsView.h; sourceTree = "<group>"; };
		95EE4ADB1F31AFA0006D1467 /* WSPieItemsView.m */ = {isa = PBXFileReference; fileEncoding = 4; lastKnownFileType = sourcecode.c.objc; path = WSPieItemsView.m; sourceTree = "<group>"; };
		95EE4ADC1F31AFA0006D1467 /* WSShowInfoView.h */ = {isa = PBXFileReference; fileEncoding = 4; lastKnownFileType = sourcecode.c.h; path = WSShowInfoView.h; sourceTree = "<group>"; };
		95EE4ADD1F31AFA0006D1467 /* WSShowInfoView.m */ = {isa = PBXFileReference; fileEncoding = 4; lastKnownFileType = sourcecode.c.objc; path = WSShowInfoView.m; sourceTree = "<group>"; };
		95EE4AE61F32B7BB006D1467 /* no.png */ = {isa = PBXFileReference; lastKnownFileType = image.png; path = no.png; sourceTree = "<group>"; };
		95EE4AE71F32B7BB006D1467 /* notes.png */ = {isa = PBXFileReference; lastKnownFileType = image.png; path = notes.png; sourceTree = "<group>"; };
		95EE4AEA1F32B869006D1467 /* NotesViewController.h */ = {isa = PBXFileReference; fileEncoding = 4; lastKnownFileType = sourcecode.c.h; path = NotesViewController.h; sourceTree = "<group>"; };
		95EE4AEB1F32B869006D1467 /* NotesViewController.m */ = {isa = PBXFileReference; fileEncoding = 4; lastKnownFileType = sourcecode.c.objc; path = NotesViewController.m; sourceTree = "<group>"; };
		95EE4B011F32C007006D1467 /* notes.plist */ = {isa = PBXFileReference; fileEncoding = 4; lastKnownFileType = text.plist.xml; path = notes.plist; sourceTree = "<group>"; };
		95EE4B031F32CCA8006D1467 /* pen.png */ = {isa = PBXFileReference; lastKnownFileType = image.png; path = pen.png; sourceTree = "<group>"; };
		95EE4B051F32CE3E006D1467 /* AddNotesViewController.h */ = {isa = PBXFileReference; fileEncoding = 4; lastKnownFileType = sourcecode.c.h; path = AddNotesViewController.h; sourceTree = "<group>"; };
		95EE4B061F32CE3E006D1467 /* AddNotesViewController.m */ = {isa = PBXFileReference; fileEncoding = 4; lastKnownFileType = sourcecode.c.objc; path = AddNotesViewController.m; sourceTree = "<group>"; };
		95EE4B081F32CE61006D1467 /* NotesDetialViewController.h */ = {isa = PBXFileReference; fileEncoding = 4; lastKnownFileType = sourcecode.c.h; path = NotesDetialViewController.h; sourceTree = "<group>"; };
		95EE4B091F32CE61006D1467 /* NotesDetialViewController.m */ = {isa = PBXFileReference; fileEncoding = 4; lastKnownFileType = sourcecode.c.objc; path = NotesDetialViewController.m; sourceTree = "<group>"; };
		9716A7C37B61E0B764A88665 /* Pods-MoXi32Project.debug.xcconfig */ = {isa = PBXFileReference; includeInIndex = 1; lastKnownFileType = text.xcconfig; name = "Pods-MoXi32Project.debug.xcconfig"; path = "Pods/Target Support Files/Pods-MoXi32Project/Pods-MoXi32Project.debug.xcconfig"; sourceTree = "<group>"; };
		D80A144BBFF7D783ED349877 /* Pods-MoXi32Project.release.xcconfig */ = {isa = PBXFileReference; includeInIndex = 1; lastKnownFileType = text.xcconfig; name = "Pods-MoXi32Project.release.xcconfig"; path = "Pods/Target Support Files/Pods-MoXi32Project/Pods-MoXi32Project.release.xcconfig"; sourceTree = "<group>"; };
		F51A826EF768C6B59EF19F9D /* libPods-MoXi32Project.a */ = {isa = PBXFileReference; explicitFileType = archive.ar; includeInIndex = 0; path = "libPods-MoXi32Project.a"; sourceTree = BUILT_PRODUCTS_DIR; };
/* End PBXFileReference section */

/* Begin PBXFrameworksBuildPhase section */
		95EE495E1F2F108B006D1467 /* Frameworks */ = {
			isa = PBXFrameworksBuildPhase;
			buildActionMask = 2147483647;
			files = (
				A7A6D9A2F9EEA576A00333CA /* libPods-MoXi32Project.a in Frameworks */,
			);
			runOnlyForDeploymentPostprocessing = 0;
		};
		95EE49771F2F108B006D1467 /* Frameworks */ = {
			isa = PBXFrameworksBuildPhase;
			buildActionMask = 2147483647;
			files = (
			);
			runOnlyForDeploymentPostprocessing = 0;
		};
		95EE49821F2F108B006D1467 /* Frameworks */ = {
			isa = PBXFrameworksBuildPhase;
			buildActionMask = 2147483647;
			files = (
			);
			runOnlyForDeploymentPostprocessing = 0;
		};
/* End PBXFrameworksBuildPhase section */

/* Begin PBXGroup section */
		0A1358C3CA71C39DB17CCDC3 /* Frameworks */ = {
			isa = PBXGroup;
			children = (
				F51A826EF768C6B59EF19F9D /* libPods-MoXi32Project.a */,
			);
			name = Frameworks;
			sourceTree = "<group>";
		};
		95EE49581F2F108B006D1467 = {
			isa = PBXGroup;
			children = (
				95EE49631F2F108B006D1467 /* MoXi32Project */,
				95EE497D1F2F108B006D1467 /* MoXi32ProjectTests */,
				95EE49881F2F108B006D1467 /* MoXi32ProjectUITests */,
				95EE49621F2F108B006D1467 /* Products */,
				BDD7D7663EEF5F852EC6939F /* Pods */,
				0A1358C3CA71C39DB17CCDC3 /* Frameworks */,
			);
			sourceTree = "<group>";
		};
		95EE49621F2F108B006D1467 /* Products */ = {
			isa = PBXGroup;
			children = (
				95EE49611F2F108B006D1467 /* MoXi32Project.app */,
				95EE497A1F2F108B006D1467 /* MoXi32ProjectTests.xctest */,
				95EE49851F2F108B006D1467 /* MoXi32ProjectUITests.xctest */,
			);
			name = Products;
			sourceTree = "<group>";
		};
		95EE49631F2F108B006D1467 /* MoXi32Project */ = {
			isa = PBXGroup;
			children = (
				95EE4A291F30440C006D1467 /* Mxconfig */,
				95EE49971F2F10FF006D1467 /* Caregaty */,
				95EE49981F2F10FF006D1467 /* Controllers */,
				95EE49991F2F10FF006D1467 /* Expands */,
				95EE499A1F2F10FF006D1467 /* Images */,
				95EE499B1F2F10FF006D1467 /* Models */,
				95EE499C1F2F10FF006D1467 /* Views */,
				95EE49671F2F108B006D1467 /* AppDelegate.h */,
				95EE49681F2F108B006D1467 /* AppDelegate.m */,
				95EE496A1F2F108B006D1467 /* ViewController.h */,
				95EE496B1F2F108B006D1467 /* ViewController.m */,
				95EE496D1F2F108B006D1467 /* Main.storyboard */,
				95EE49701F2F108B006D1467 /* Assets.xcassets */,
				95EE49721F2F108B006D1467 /* LaunchScreen.storyboard */,
				95EE49751F2F108B006D1467 /* Info.plist */,
				95EE49641F2F108B006D1467 /* Supporting Files */,
			);
			path = MoXi32Project;
			sourceTree = "<group>";
		};
		95EE49641F2F108B006D1467 /* Supporting Files */ = {
			isa = PBXGroup;
			children = (
				95EE49651F2F108B006D1467 /* main.m */,
				95EE49B51F2F11D1006D1467 /* PrefixHeader.pch */,
				95EE4A101F301FAC006D1467 /* InfoPlist.strings */,
			);
			name = "Supporting Files";
			sourceTree = "<group>";
		};
		95EE497D1F2F108B006D1467 /* MoXi32ProjectTests */ = {
			isa = PBXGroup;
			children = (
				95EE497E1F2F108B006D1467 /* MoXi32ProjectTests.m */,
				95EE49801F2F108B006D1467 /* Info.plist */,
			);
			path = MoXi32ProjectTests;
			sourceTree = "<group>";
		};
		95EE49881F2F108B006D1467 /* MoXi32ProjectUITests */ = {
			isa = PBXGroup;
			children = (
				95EE49891F2F108B006D1467 /* MoXi32ProjectUITests.m */,
				95EE498B1F2F108B006D1467 /* Info.plist */,
			);
			path = MoXi32ProjectUITests;
			sourceTree = "<group>";
		};
		95EE49971F2F10FF006D1467 /* Caregaty */ = {
			isa = PBXGroup;
			children = (
				95EE4A2D1F3046C6006D1467 /* NSString+ChangeNumber.h */,
				95EE4A2E1F3046C6006D1467 /* NSString+ChangeNumber.m */,
			);
			path = Caregaty;
			sourceTree = "<group>";
		};
		95EE49981F2F10FF006D1467 /* Controllers */ = {
			isa = PBXGroup;
			children = (
				95EE49DA1F2F1CF0006D1467 /* Forth */,
				95EE499D1F2F1190006D1467 /* Base */,
				95EE49A01F2F1190006D1467 /* Home */,
				95EE49A31F2F1190006D1467 /* Root */,
				95EE49A61F2F1190006D1467 /* Seconed */,
				95EE49A91F2F1190006D1467 /* Third */,
			);
			path = Controllers;
			sourceTree = "<group>";
		};
		95EE49991F2F10FF006D1467 /* Expands */ = {
			isa = PBXGroup;
			children = (
				95EE4A341F304A58006D1467 /* PopView */,
				95EE49B61F2F11EC006D1467 /* Marcoes */,
			);
			path = Expands;
			sourceTree = "<group>";
		};
		95EE499A1F2F10FF006D1467 /* Images */ = {
			isa = PBXGroup;
			children = (
				95EE4B031F32CCA8006D1467 /* pen.png */,
				95EE4AE61F32B7BB006D1467 /* no.png */,
				95EE4AE71F32B7BB006D1467 /* notes.png */,
				95EE4AD21F31A62F006D1467 /* backvc.png */,
				95EE4ACD1F3196E5006D1467 /* biao.png */,
				95EE4AB91F31687C006D1467 /* money.png */,
				95EE4A8F1F307FAD006D1467 /* doc.png */,
				95EE4A901F307FAD006D1467 /* eat.png */,
				95EE4A911F307FAD006D1467 /* en.png */,
				95EE4A921F307FAD006D1467 /* happy.png */,
				95EE4A931F307FAD006D1467 /* life.png */,
				95EE4A941F307FAD006D1467 /* other.png */,
				95EE4A951F307FAD006D1467 /* shop.png */,
				95EE4A961F307FAD006D1467 /* tro.png */,
				95EE4A9F1F308548006D1467 /* add.png */,
				95EE4A501F306867006D1467 /* tip.png */,
				95EE4A421F306117006D1467 /* background.png */,
				95EE4A431F306117006D1467 /* chart.png */,
				95EE4A441F306117006D1467 /* luck.png */,
				95EE4A451F306117006D1467 /* manger.png */,
				95EE4A381F304F53006D1467 /* jietu.png */,
				95EE4A301F30499A006D1467 /* bottom_s.png */,
				95EE4A311F30499A006D1467 /* bottom.png */,
				95EE4A161F302EF0006D1467 /* 1.png */,
				95EE4A171F302EF0006D1467 /* 2.png */,
				95EE4A181F302EF0006D1467 /* 3.png */,
				95EE4A191F302EF0006D1467 /* 4.png */,
				95EE4A1A1F302EF0006D1467 /* 5.png */,
				95EE4A1B1F302EF0006D1467 /* 6.png */,
				95EE4A1C1F302EF0006D1467 /* 7.png */,
				95EE4A1D1F302EF0006D1467 /* 8.png */,
				95EE4A141F30239B006D1467 /* 0.png */,
				95EE49F21F2F2039006D1467 /* home_s.png */,
				95EE49F31F2F2039006D1467 /* home.png */,
				95EE49E41F2F1FB9006D1467 /* note_s.png */,
				95EE49E51F2F1FB9006D1467 /* note.png */,
				95EE49E61F2F1FB9006D1467 /* setting_s.png */,
				95EE49E71F2F1FB9006D1467 /* setting.png */,
				95EE49E81F2F1FB9006D1467 /* tool_s.png */,
				95EE49E91F2F1FB9006D1467 /* tool.png */,
			);
			path = Images;
			sourceTree = "<group>";
		};
		95EE499B1F2F10FF006D1467 /* Models */ = {
			isa = PBXGroup;
			children = (
				95EE49B11F2F11B9006D1467 /* RootModel */,
			);
			path = Models;
			sourceTree = "<group>";
		};
		95EE499C1F2F10FF006D1467 /* Views */ = {
			isa = PBXGroup;
			children = (
				95EE4AB31F3164CC006D1467 /* NotesView */,
				95EE4A521F306D3A006D1467 /* ChartView */,
			);
			path = Views;
			sourceTree = "<group>";
		};
		95EE499D1F2F1190006D1467 /* Base */ = {
			isa = PBXGroup;
			children = (
				95EE499E1F2F1190006D1467 /* BaseViewController.h */,
				95EE499F1F2F1190006D1467 /* BaseViewController.m */,
			);
			path = Base;
			sourceTree = "<group>";
		};
		95EE49A01F2F1190006D1467 /* Home */ = {
			isa = PBXGroup;
			children = (
				95EE49A11F2F1190006D1467 /* HomeViewController.h */,
				95EE49A21F2F1190006D1467 /* HomeViewController.m */,
				95EE4A261F302F8F006D1467 /* HomeDetialViewController.h */,
				95EE4A271F302F8F006D1467 /* HomeDetialViewController.m */,
			);
			path = Home;
			sourceTree = "<group>";
		};
		95EE49A31F2F1190006D1467 /* Root */ = {
			isa = PBXGroup;
			children = (
				95EE49A41F2F1190006D1467 /* RoorViewController.h */,
				95EE49A51F2F1190006D1467 /* RoorViewController.m */,
			);
			path = Root;
			sourceTree = "<group>";
		};
		95EE49A61F2F1190006D1467 /* Seconed */ = {
			isa = PBXGroup;
			children = (
				95EE49A71F2F1190006D1467 /* SecondViewController.h */,
				95EE49A81F2F1190006D1467 /* SecondViewController.m */,
				95EE4ACF1F31A47A006D1467 /* ChargeChartViewController.h */,
				95EE4AD01F31A47A006D1467 /* ChargeChartViewController.m */,
			);
			path = Seconed;
			sourceTree = "<group>";
		};
		95EE49A91F2F1190006D1467 /* Third */ = {
			isa = PBXGroup;
			children = (
				95EE49AA1F2F1190006D1467 /* ThirdViewController.h */,
				95EE49AB1F2F1190006D1467 /* ThirdViewController.m */,
				95EE4A4A1F30637D006D1467 /* MangerViewController.h */,
				95EE4A4B1F30637D006D1467 /* MangerViewController.m */,
				95EE4A4D1F3066EC006D1467 /* ChangeNumberViewController.h */,
				95EE4A4E1F3066EC006D1467 /* ChangeNumberViewController.m */,
				95EE4AEA1F32B869006D1467 /* NotesViewController.h */,
				95EE4AEB1F32B869006D1467 /* NotesViewController.m */,
				95EE4B011F32C007006D1467 /* notes.plist */,
				95EE4B051F32CE3E006D1467 /* AddNotesViewController.h */,
				95EE4B061F32CE3E006D1467 /* AddNotesViewController.m */,
				95EE4B081F32CE61006D1467 /* NotesDetialViewController.h */,
				95EE4B091F32CE61006D1467 /* NotesDetialViewController.m */,
			);
			path = Third;
			sourceTree = "<group>";
		};
		95EE49B11F2F11B9006D1467 /* RootModel */ = {
			isa = PBXGroup;
			children = (
				95EE49B21F2F11B9006D1467 /* RootModel.h */,
				95EE49B31F2F11B9006D1467 /* RootModel.m */,
			);
			path = RootModel;
			sourceTree = "<group>";
		};
		95EE49B61F2F11EC006D1467 /* Marcoes */ = {
			isa = PBXGroup;
			children = (
				95EE49B71F2F120B006D1467 /* define_pro.h */,
			);
			path = Marcoes;
			sourceTree = "<group>";
		};
		95EE49DA1F2F1CF0006D1467 /* Forth */ = {
			isa = PBXGroup;
			children = (
				95EE49DB1F2F1D0A006D1467 /* FourthViewController.h */,
				95EE49DC1F2F1D0A006D1467 /* FourthViewController.m */,
			);
			path = Forth;
			sourceTree = "<group>";
		};
		95EE4A291F30440C006D1467 /* Mxconfig */ = {
			isa = PBXGroup;
			children = (
				95EE4A2A1F304420006D1467 /* Mxconfig.h */,
				95EE4A2B1F304420006D1467 /* Mxconfig.m */,
			);
			path = Mxconfig;
			sourceTree = "<group>";
		};
		95EE4A341F304A58006D1467 /* PopView */ = {
			isa = PBXGroup;
			children = (
				95EE4A351F304A58006D1467 /* ZYFPopview.h */,
				95EE4A361F304A58006D1467 /* ZYFPopview.m */,
			);
			path = PopView;
			sourceTree = "<group>";
		};
		95EE4A521F306D3A006D1467 /* ChartView */ = {
			isa = PBXGroup;
			children = (
				95EE4AD41F31AFA0006D1467 /* WSChart.h */,
				95EE4AD51F31AFA0006D1467 /* WSChart.m */,
				95EE4AD61F31AFA0006D1467 /* WSPieChart.h */,
				95EE4AD71F31AFA0006D1467 /* WSPieChart.m */,
				95EE4AD81F31AFA0006D1467 /* WSPieForeBGView.h */,
				95EE4AD91F31AFA0006D1467 /* WSPieForeBGView.m */,
				95EE4ADA1F31AFA0006D1467 /* WSPieItemsView.h */,
				95EE4ADB1F31AFA0006D1467 /* WSPieItemsView.m */,
				95EE4ADC1F31AFA0006D1467 /* WSShowInfoView.h */,
				95EE4ADD1F31AFA0006D1467 /* WSShowInfoView.m */,
			);
			path = ChartView;
			sourceTree = "<group>";
		};
		95EE4AB31F3164CC006D1467 /* NotesView */ = {
			isa = PBXGroup;
			children = (
				95EE4AB41F3164EB006D1467 /* NotesTableViewCell.h */,
				95EE4AB51F3164EB006D1467 /* NotesTableViewCell.m */,
				95EE4AB61F3164EB006D1467 /* NotesTableViewCell.xib */,
			);
			path = NotesView;
			sourceTree = "<group>";
		};
		BDD7D7663EEF5F852EC6939F /* Pods */ = {
			isa = PBXGroup;
			children = (
				9716A7C37B61E0B764A88665 /* Pods-MoXi32Project.debug.xcconfig */,
				D80A144BBFF7D783ED349877 /* Pods-MoXi32Project.release.xcconfig */,
			);
			name = Pods;
			sourceTree = "<group>";
		};
/* End PBXGroup section */

/* Begin PBXNativeTarget section */
		95EE49601F2F108B006D1467 /* MoXi32Project */ = {
			isa = PBXNativeTarget;
			buildConfigurationList = 95EE498E1F2F108B006D1467 /* Build configuration list for PBXNativeTarget "MoXi32Project" */;
			buildPhases = (
				EA8BBF4E5D5659700B1D399B /* [CP] Check Pods Manifest.lock */,
				95EE495D1F2F108B006D1467 /* Sources */,
				95EE495E1F2F108B006D1467 /* Frameworks */,
				95EE495F1F2F108B006D1467 /* Resources */,
				3EC4724C2F20A58AD7C23D4E /* [CP] Embed Pods Frameworks */,
				C6470571A06D665BBE94E3C5 /* [CP] Copy Pods Resources */,
			);
			buildRules = (
			);
			dependencies = (
			);
			name = MoXi32Project;
			productName = MoXi32Project;
			productReference = 95EE49611F2F108B006D1467 /* MoXi32Project.app */;
			productType = "com.apple.product-type.application";
		};
		95EE49791F2F108B006D1467 /* MoXi32ProjectTests */ = {
			isa = PBXNativeTarget;
			buildConfigurationList = 95EE49911F2F108B006D1467 /* Build configuration list for PBXNativeTarget "MoXi32ProjectTests" */;
			buildPhases = (
				95EE49761F2F108B006D1467 /* Sources */,
				95EE49771F2F108B006D1467 /* Frameworks */,
				95EE49781F2F108B006D1467 /* Resources */,
			);
			buildRules = (
			);
			dependencies = (
				95EE497C1F2F108B006D1467 /* PBXTargetDependency */,
			);
			name = MoXi32ProjectTests;
			productName = MoXi32ProjectTests;
			productReference = 95EE497A1F2F108B006D1467 /* MoXi32ProjectTests.xctest */;
			productType = "com.apple.product-type.bundle.unit-test";
		};
		95EE49841F2F108B006D1467 /* MoXi32ProjectUITests */ = {
			isa = PBXNativeTarget;
			buildConfigurationList = 95EE49941F2F108B006D1467 /* Build configuration list for PBXNativeTarget "MoXi32ProjectUITests" */;
			buildPhases = (
				95EE49811F2F108B006D1467 /* Sources */,
				95EE49821F2F108B006D1467 /* Frameworks */,
				95EE49831F2F108B006D1467 /* Resources */,
			);
			buildRules = (
			);
			dependencies = (
				95EE49871F2F108B006D1467 /* PBXTargetDependency */,
			);
			name = MoXi32ProjectUITests;
			productName = MoXi32ProjectUITests;
			productReference = 95EE49851F2F108B006D1467 /* MoXi32ProjectUITests.xctest */;
			productType = "com.apple.product-type.bundle.ui-testing";
		};
/* End PBXNativeTarget section */

/* Begin PBXProject section */
		95EE49591F2F108B006D1467 /* Project object */ = {
			isa = PBXProject;
			attributes = {
				LastUpgradeCheck = 0830;
				ORGANIZATIONNAME = zyf;
				TargetAttributes = {
					95EE49601F2F108B006D1467 = {
						CreatedOnToolsVersion = 8.3.3;
						DevelopmentTeam = QQPLB98WMN;
						ProvisioningStyle = Automatic;
						SystemCapabilities = {
							com.apple.BackgroundModes = {
								enabled = 0;
							};
							com.apple.Maps.iOS = {
								enabled = 0;
							};
						};
					};
					95EE49791F2F108B006D1467 = {
						CreatedOnToolsVersion = 8.3.3;
						DevelopmentTeam = QQPLB98WMN;
						ProvisioningStyle = Automatic;
						TestTargetID = 95EE49601F2F108B006D1467;
					};
					95EE49841F2F108B006D1467 = {
						CreatedOnToolsVersion = 8.3.3;
						DevelopmentTeam = QQPLB98WMN;
						ProvisioningStyle = Automatic;
						TestTargetID = 95EE49601F2F108B006D1467;
					};
				};
			};
			buildConfigurationList = 95EE495C1F2F108B006D1467 /* Build configuration list for PBXProject "MoXi32Project" */;
			compatibilityVersion = "Xcode 3.2";
			developmentRegion = English;
			hasScannedForEncodings = 0;
			knownRegions = (
				en,
				Base,
				"zh-Hans",
			);
			mainGroup = 95EE49581F2F108B006D1467;
			productRefGroup = 95EE49621F2F108B006D1467 /* Products */;
			projectDirPath = "";
			projectRoot = "";
			targets = (
				95EE49601F2F108B006D1467 /* MoXi32Project */,
				95EE49791F2F108B006D1467 /* MoXi32ProjectTests */,
				95EE49841F2F108B006D1467 /* MoXi32ProjectUITests */,
			);
		};
/* End PBXProject section */

/* Begin PBXResourcesBuildPhase section */
		95EE495F1F2F108B006D1467 /* Resources */ = {
			isa = PBXResourcesBuildPhase;
			buildActionMask = 2147483647;
			files = (
				95EE49EE1F2F1FB9006D1467 /* setting_s.png in Resources */,
				95EE4A9D1F307FAD006D1467 /* shop.png in Resources */,
				95EE4A0E1F301FAC006D1467 /* InfoPlist.strings in Resources */,
				95EE4A481F306117006D1467 /* luck.png in Resources */,
				95EE4A321F30499A006D1467 /* bottom_s.png in Resources */,
				95EE49741F2F108B006D1467 /* LaunchScreen.storyboard in Resources */,
				95EE49F51F2F2039006D1467 /* home.png in Resources */,
				95EE4A211F302EF0006D1467 /* 4.png in Resources */,
				95EE4A991F307FAD006D1467 /* en.png in Resources */,
				95EE4AE91F32B7BB006D1467 /* notes.png in Resources */,
				95EE4A971F307FAD006D1467 /* doc.png in Resources */,
				95EE4A511F306867006D1467 /* tip.png in Resources */,
				95EE4A461F306117006D1467 /* background.png in Resources */,
				95EE4AA01F308548006D1467 /* add.png in Resources */,
				95EE49EC1F2F1FB9006D1467 /* note_s.png in Resources */,
				95EE4A251F302EF0006D1467 /* 8.png in Resources */,
				95EE49F11F2F1FB9006D1467 /* tool.png in Resources */,
				95EE4ACE1F3196E5006D1467 /* biao.png in Resources */,
				95EE4A9E1F307FAD006D1467 /* tro.png in Resources */,
				95EE4A241F302EF0006D1467 /* 7.png in Resources */,
				95EE49F01F2F1FB9006D1467 /* tool_s.png in Resources */,
				95EE4A9B1F307FAD006D1467 /* life.png in Resources */,
				95EE49EF1F2F1FB9006D1467 /* setting.png in Resources */,
				95EE4B041F32CCA8006D1467 /* pen.png in Resources */,
				95EE49711F2F108B006D1467 /* Assets.xcassets in Resources */,
				95EE4A231F302EF0006D1467 /* 6.png in Resources */,
				95EE496F1F2F108B006D1467 /* Main.storyboard in Resources */,
				95EE4A151F30239B006D1467 /* 0.png in Resources */,
				95EE4A981F307FAD006D1467 /* eat.png in Resources */,
				95EE4A491F306117006D1467 /* manger.png in Resources */,
				95EE4AE81F32B7BB006D1467 /* no.png in Resources */,
				95EE4A331F30499A006D1467 /* bottom.png in Resources */,
				95EE4A201F302EF0006D1467 /* 3.png in Resources */,
				95EE4AB81F3164EB006D1467 /* NotesTableViewCell.xib in Resources */,
				95EE49F41F2F2039006D1467 /* home_s.png in Resources */,
				95EE4A9A1F307FAD006D1467 /* happy.png in Resources */,
				95EE4A1F1F302EF0006D1467 /* 2.png in Resources */,
				95EE4B021F32C007006D1467 /* notes.plist in Resources */,
				95EE4A221F302EF0006D1467 /* 5.png in Resources */,
				95EE4A391F304F53006D1467 /* jietu.png in Resources */,
				95EE49ED1F2F1FB9006D1467 /* note.png in Resources */,
				95EE4ABA1F31687C006D1467 /* money.png in Resources */,
				95EE4A471F306117006D1467 /* chart.png in Resources */,
				95EE4A9C1F307FAD006D1467 /* other.png in Resources */,
				95EE4A1E1F302EF0006D1467 /* 1.png in Resources */,
				95EE4AD31F31A62F006D1467 /* backvc.png in Resources */,
			);
			runOnlyForDeploymentPostprocessing = 0;
		};
		95EE49781F2F108B006D1467 /* Resources */ = {
			isa = PBXResourcesBuildPhase;
			buildActionMask = 2147483647;
			files = (
			);
			runOnlyForDeploymentPostprocessing = 0;
		};
		95EE49831F2F108B006D1467 /* Resources */ = {
			isa = PBXResourcesBuildPhase;
			buildActionMask = 2147483647;
			files = (
			);
			runOnlyForDeploymentPostprocessing = 0;
		};
/* End PBXResourcesBuildPhase section */

/* Begin PBXShellScriptBuildPhase section */
		3EC4724C2F20A58AD7C23D4E /* [CP] Embed Pods Frameworks */ = {
			isa = PBXShellScriptBuildPhase;
			buildActionMask = 2147483647;
			files = (
			);
			inputPaths = (
			);
			name = "[CP] Embed Pods Frameworks";
			outputPaths = (
			);
			runOnlyForDeploymentPostprocessing = 0;
			shellPath = /bin/sh;
			shellScript = "\"${SRCROOT}/Pods/Target Support Files/Pods-MoXi32Project/Pods-MoXi32Project-frameworks.sh\"\n";
			showEnvVarsInLog = 0;
		};
		C6470571A06D665BBE94E3C5 /* [CP] Copy Pods Resources */ = {
			isa = PBXShellScriptBuildPhase;
			buildActionMask = 2147483647;
			files = (
			);
			inputPaths = (
			);
			name = "[CP] Copy Pods Resources";
			outputPaths = (
			);
			runOnlyForDeploymentPostprocessing = 0;
			shellPath = /bin/sh;
			shellScript = "\"${SRCROOT}/Pods/Target Support Files/Pods-MoXi32Project/Pods-MoXi32Project-resources.sh\"\n";
			showEnvVarsInLog = 0;
		};
		EA8BBF4E5D5659700B1D399B /* [CP] Check Pods Manifest.lock */ = {
			isa = PBXShellScriptBuildPhase;
			buildActionMask = 2147483647;
			files = (
			);
			inputPaths = (
			);
			name = "[CP] Check Pods Manifest.lock";
			outputPaths = (
			);
			runOnlyForDeploymentPostprocessing = 0;
			shellPath = /bin/sh;
			shellScript = "diff \"${PODS_PODFILE_DIR_PATH}/Podfile.lock\" \"${PODS_ROOT}/Manifest.lock\" > /dev/null\nif [ $? != 0 ] ; then\n    # print error to STDERR\n    echo \"error: The sandbox is not in sync with the Podfile.lock. Run 'pod install' or update your CocoaPods installation.\" >&2\n    exit 1\nfi\n";
			showEnvVarsInLog = 0;
		};
/* End PBXShellScriptBuildPhase section */

/* Begin PBXSourcesBuildPhase section */
		95EE495D1F2F108B006D1467 /* Sources */ = {
			isa = PBXSourcesBuildPhase;
			buildActionMask = 2147483647;
			files = (
				95EE4A2C1F304420006D1467 /* Mxconfig.m in Sources */,
				95EE4B0A1F32CE61006D1467 /* NotesDetialViewController.m in Sources */,
				95EE4AE21F31AFA0006D1467 /* WSShowInfoView.m in Sources */,
				95EE4AE01F31AFA0006D1467 /* WSPieForeBGView.m in Sources */,
				95EE4ADF1F31AFA0006D1467 /* WSPieChart.m in Sources */,
				95EE49AE1F2F1190006D1467 /* RoorViewController.m in Sources */,
				95EE4ADE1F31AFA0006D1467 /* WSChart.m in Sources */,
				95EE496C1F2F108B006D1467 /* ViewController.m in Sources */,
				95EE49B01F2F1190006D1467 /* ThirdViewController.m in Sources */,
				95EE4AEC1F32B869006D1467 /* NotesViewController.m in Sources */,
				95EE4AB71F3164EB006D1467 /* NotesTableViewCell.m in Sources */,
				95EE49AC1F2F1190006D1467 /* BaseViewController.m in Sources */,
				95EE4A4F1F3066EC006D1467 /* ChangeNumberViewController.m in Sources */,
				95EE49AF1F2F1190006D1467 /* SecondViewController.m in Sources */,
				95EE4A4C1F30637D006D1467 /* MangerViewController.m in Sources */,
				95EE4AE11F31AFA0006D1467 /* WSPieItemsView.m in Sources */,
				95EE4B071F32CE3E006D1467 /* AddNotesViewController.m in Sources */,
				95EE49B41F2F11B9006D1467 /* RootModel.m in Sources */,
				95EE4A2F1F3046C6006D1467 /* NSString+ChangeNumber.m in Sources */,
				95EE4A371F304A58006D1467 /* ZYFPopview.m in Sources */,
				95EE49DD1F2F1D0A006D1467 /* FourthViewController.m in Sources */,
				95EE4A281F302F8F006D1467 /* HomeDetialViewController.m in Sources */,
				95EE49691F2F108B006D1467 /* AppDelegate.m in Sources */,
				95EE49AD1F2F1190006D1467 /* HomeViewController.m in Sources */,
				95EE4AD11F31A47A006D1467 /* ChargeChartViewController.m in Sources */,
				95EE49661F2F108B006D1467 /* main.m in Sources */,
			);
			runOnlyForDeploymentPostprocessing = 0;
		};
		95EE49761F2F108B006D1467 /* Sources */ = {
			isa = PBXSourcesBuildPhase;
			buildActionMask = 2147483647;
			files = (
				95EE497F1F2F108B006D1467 /* MoXi32ProjectTests.m in Sources */,
			);
			runOnlyForDeploymentPostprocessing = 0;
		};
		95EE49811F2F108B006D1467 /* Sources */ = {
			isa = PBXSourcesBuildPhase;
			buildActionMask = 2147483647;
			files = (
				95EE498A1F2F108B006D1467 /* MoXi32ProjectUITests.m in Sources */,
			);
			runOnlyForDeploymentPostprocessing = 0;
		};
/* End PBXSourcesBuildPhase section */

/* Begin PBXTargetDependency section */
		95EE497C1F2F108B006D1467 /* PBXTargetDependency */ = {
			isa = PBXTargetDependency;
			target = 95EE49601F2F108B006D1467 /* MoXi32Project */;
			targetProxy = 95EE497B1F2F108B006D1467 /* PBXContainerItemProxy */;
		};
		95EE49871F2F108B006D1467 /* PBXTargetDependency */ = {
			isa = PBXTargetDependency;
			target = 95EE49601F2F108B006D1467 /* MoXi32Project */;
			targetProxy = 95EE49861F2F108B006D1467 /* PBXContainerItemProxy */;
		};
/* End PBXTargetDependency section */

/* Begin PBXVariantGroup section */
		95EE496D1F2F108B006D1467 /* Main.storyboard */ = {
			isa = PBXVariantGroup;
			children = (
				95EE496E1F2F108B006D1467 /* Base */,
				95EE4A111F301FD3006D1467 /* zh-Hans */,
			);
			name = Main.storyboard;
			sourceTree = "<group>";
		};
		95EE49721F2F108B006D1467 /* LaunchScreen.storyboard */ = {
			isa = PBXVariantGroup;
			children = (
				95EE49731F2F108B006D1467 /* Base */,
				95EE4A121F301FD3006D1467 /* zh-Hans */,
			);
			name = LaunchScreen.storyboard;
			sourceTree = "<group>";
		};
		95EE4A101F301FAC006D1467 /* InfoPlist.strings */ = {
			isa = PBXVariantGroup;
			children = (
				95EE4A0F1F301FAC006D1467 /* en */,
				95EE4A131F301FD3006D1467 /* zh-Hans */,
			);
			name = InfoPlist.strings;
			sourceTree = "<group>";
		};
/* End PBXVariantGroup section */

/* Begin XCBuildConfiguration section */
		95EE498C1F2F108B006D1467 /* Debug */ = {
			isa = XCBuildConfiguration;
			buildSettings = {
				ALWAYS_SEARCH_USER_PATHS = NO;
				CLANG_ANALYZER_LOCALIZABILITY_NONLOCALIZED = YES;
				CLANG_ANALYZER_NONNULL = YES;
				CLANG_ANALYZER_NUMBER_OBJECT_CONVERSION = YES_AGGRESSIVE;
				CLANG_CXX_LANGUAGE_STANDARD = "gnu++0x";
				CLANG_CXX_LIBRARY = "libc++";
				CLANG_ENABLE_MODULES = YES;
				CLANG_ENABLE_OBJC_ARC = YES;
				CLANG_WARN_BOOL_CONVERSION = YES;
				CLANG_WARN_CONSTANT_CONVERSION = YES;
				CLANG_WARN_DIRECT_OBJC_ISA_USAGE = YES_ERROR;
				CLANG_WARN_DOCUMENTATION_COMMENTS = YES;
				CLANG_WARN_EMPTY_BODY = YES;
				CLANG_WARN_ENUM_CONVERSION = YES;
				CLANG_WARN_INFINITE_RECURSION = YES;
				CLANG_WARN_INT_CONVERSION = YES;
				CLANG_WARN_OBJC_ROOT_CLASS = YES_ERROR;
				CLANG_WARN_SUSPICIOUS_MOVE = YES;
				CLANG_WARN_UNREACHABLE_CODE = YES;
				CLANG_WARN__DUPLICATE_METHOD_MATCH = YES;
				"CODE_SIGN_IDENTITY[sdk=iphoneos*]" = "iPhone Developer";
				COPY_PHASE_STRIP = NO;
				DEBUG_INFORMATION_FORMAT = dwarf;
				ENABLE_STRICT_OBJC_MSGSEND = YES;
				ENABLE_TESTABILITY = YES;
				GCC_C_LANGUAGE_STANDARD = gnu99;
				GCC_DYNAMIC_NO_PIC = NO;
				GCC_NO_COMMON_BLOCKS = YES;
				GCC_OPTIMIZATION_LEVEL = 0;
				GCC_PREPROCESSOR_DEFINITIONS = (
					"DEBUG=1",
					"$(inherited)",
				);
				GCC_WARN_64_TO_32_BIT_CONVERSION = YES;
				GCC_WARN_ABOUT_RETURN_TYPE = YES_ERROR;
				GCC_WARN_UNDECLARED_SELECTOR = YES;
				GCC_WARN_UNINITIALIZED_AUTOS = YES_AGGRESSIVE;
				GCC_WARN_UNUSED_FUNCTION = YES;
				GCC_WARN_UNUSED_VARIABLE = YES;
				IPHONEOS_DEPLOYMENT_TARGET = 10.3;
				MTL_ENABLE_DEBUG_INFO = YES;
				ONLY_ACTIVE_ARCH = YES;
				SDKROOT = iphoneos;
				TARGETED_DEVICE_FAMILY = "1,2";
			};
			name = Debug;
		};
		95EE498D1F2F108B006D1467 /* Release */ = {
			isa = XCBuildConfiguration;
			buildSettings = {
				ALWAYS_SEARCH_USER_PATHS = NO;
				CLANG_ANALYZER_LOCALIZABILITY_NONLOCALIZED = YES;
				CLANG_ANALYZER_NONNULL = YES;
				CLANG_ANALYZER_NUMBER_OBJECT_CONVERSION = YES_AGGRESSIVE;
				CLANG_CXX_LANGUAGE_STANDARD = "gnu++0x";
				CLANG_CXX_LIBRARY = "libc++";
				CLANG_ENABLE_MODULES = YES;
				CLANG_ENABLE_OBJC_ARC = YES;
				CLANG_WARN_BOOL_CONVERSION = YES;
				CLANG_WARN_CONSTANT_CONVERSION = YES;
				CLANG_WARN_DIRECT_OBJC_ISA_USAGE = YES_ERROR;
				CLANG_WARN_DOCUMENTATION_COMMENTS = YES;
				CLANG_WARN_EMPTY_BODY = YES;
				CLANG_WARN_ENUM_CONVERSION = YES;
				CLANG_WARN_INFINITE_RECURSION = YES;
				CLANG_WARN_INT_CONVERSION = YES;
				CLANG_WARN_OBJC_ROOT_CLASS = YES_ERROR;
				CLANG_WARN_SUSPICIOUS_MOVE = YES;
				CLANG_WARN_UNREACHABLE_CODE = YES;
				CLANG_WARN__DUPLICATE_METHOD_MATCH = YES;
				"CODE_SIGN_IDENTITY[sdk=iphoneos*]" = "iPhone Developer";
				COPY_PHASE_STRIP = NO;
				DEBUG_INFORMATION_FORMAT = "dwarf-with-dsym";
				ENABLE_NS_ASSERTIONS = NO;
				ENABLE_STRICT_OBJC_MSGSEND = YES;
				GCC_C_LANGUAGE_STANDARD = gnu99;
				GCC_NO_COMMON_BLOCKS = YES;
				GCC_WARN_64_TO_32_BIT_CONVERSION = YES;
				GCC_WARN_ABOUT_RETURN_TYPE = YES_ERROR;
				GCC_WARN_UNDECLARED_SELECTOR = YES;
				GCC_WARN_UNINITIALIZED_AUTOS = YES_AGGRESSIVE;
				GCC_WARN_UNUSED_FUNCTION = YES;
				GCC_WARN_UNUSED_VARIABLE = YES;
				IPHONEOS_DEPLOYMENT_TARGET = 10.3;
				MTL_ENABLE_DEBUG_INFO = NO;
				SDKROOT = iphoneos;
				TARGETED_DEVICE_FAMILY = "1,2";
				VALIDATE_PRODUCT = YES;
			};
			name = Release;
		};
		95EE498F1F2F108B006D1467 /* Debug */ = {
			isa = XCBuildConfiguration;
			baseConfigurationReference = 9716A7C37B61E0B764A88665 /* Pods-MoXi32Project.debug.xcconfig */;
			buildSettings = {
				ASSETCATALOG_COMPILER_APPICON_NAME = AppIcon;
				DEVELOPMENT_TEAM = QQPLB98WMN;
				GCC_PRECOMPILE_PREFIX_HEADER = YES;
				GCC_PREFIX_HEADER = "$(SRCROOT)/MoXi32Project/PrefixHeader.pch";
				INFOPLIST_FILE = MoXi32Project/Info.plist;
				IPHONEOS_DEPLOYMENT_TARGET = 8.0;
				LD_RUNPATH_SEARCH_PATHS = "$(inherited) @executable_path/Frameworks";
				PRODUCT_BUNDLE_IDENTIFIER = com.zyfDreamer.ex.MoXi32Project;
				PRODUCT_NAME = "$(TARGET_NAME)";
				TARGETED_DEVICE_FAMILY = 1;
			};
			name = Debug;
		};
		95EE49901F2F108B006D1467 /* Release */ = {
			isa = XCBuildConfiguration;
			baseConfigurationReference = D80A144BBFF7D783ED349877 /* Pods-MoXi32Project.release.xcconfig */;
			buildSettings = {
				ASSETCATALOG_COMPILER_APPICON_NAME = AppIcon;
				DEVELOPMENT_TEAM = QQPLB98WMN;
				GCC_PRECOMPILE_PREFIX_HEADER = YES;
				GCC_PREFIX_HEADER = "$(SRCROOT)/MoXi32Project/PrefixHeader.pch";
				INFOPLIST_FILE = MoXi32Project/Info.plist;
				IPHONEOS_DEPLOYMENT_TARGET = 8.0;
				LD_RUNPATH_SEARCH_PATHS = "$(inherited) @executable_path/Frameworks";
				PRODUCT_BUNDLE_IDENTIFIER = com.zyfDreamer.ex.MoXi32Project;
				PRODUCT_NAME = "$(TARGET_NAME)";
				TARGETED_DEVICE_FAMILY = 1;
			};
			name = Release;
		};
		95EE49921F2F108B006D1467 /* Debug */ = {
			isa = XCBuildConfiguration;
			buildSettings = {
				BUNDLE_LOADER = "$(TEST_HOST)";
				DEVELOPMENT_TEAM = QQPLB98WMN;
				INFOPLIST_FILE = MoXi32ProjectTests/Info.plist;
				LD_RUNPATH_SEARCH_PATHS = "$(inherited) @executable_path/Frameworks @loader_path/Frameworks";
				PRODUCT_BUNDLE_IDENTIFIER = com.zyfDreamer.ex.MoXi32ProjectTests;
				PRODUCT_NAME = "$(TARGET_NAME)";
				TEST_HOST = "$(BUILT_PRODUCTS_DIR)/MoXi32Project.app/MoXi32Project";
			};
			name = Debug;
		};
		95EE49931F2F108B006D1467 /* Release */ = {
			isa = XCBuildConfiguration;
			buildSettings = {
				BUNDLE_LOADER = "$(TEST_HOST)";
				DEVELOPMENT_TEAM = QQPLB98WMN;
				INFOPLIST_FILE = MoXi32ProjectTests/Info.plist;
				LD_RUNPATH_SEARCH_PATHS = "$(inherited) @executable_path/Frameworks @loader_path/Frameworks";
				PRODUCT_BUNDLE_IDENTIFIER = com.zyfDreamer.ex.MoXi32ProjectTests;
				PRODUCT_NAME = "$(TARGET_NAME)";
				TEST_HOST = "$(BUILT_PRODUCTS_DIR)/MoXi32Project.app/MoXi32Project";
			};
			name = Release;
		};
		95EE49951F2F108B006D1467 /* Debug */ = {
			isa = XCBuildConfiguration;
			buildSettings = {
				DEVELOPMENT_TEAM = QQPLB98WMN;
				INFOPLIST_FILE = MoXi32ProjectUITests/Info.plist;
				LD_RUNPATH_SEARCH_PATHS = "$(inherited) @executable_path/Frameworks @loader_path/Frameworks";
				PRODUCT_BUNDLE_IDENTIFIER = com.zyfDreamer.ex.MoXi32ProjectUITests;
				PRODUCT_NAME = "$(TARGET_NAME)";
				TEST_TARGET_NAME = MoXi32Project;
			};
			name = Debug;
		};
		95EE49961F2F108B006D1467 /* Release */ = {
			isa = XCBuildConfiguration;
			buildSettings = {
				DEVELOPMENT_TEAM = QQPLB98WMN;
				INFOPLIST_FILE = MoXi32ProjectUITests/Info.plist;
				LD_RUNPATH_SEARCH_PATHS = "$(inherited) @executable_path/Frameworks @loader_path/Frameworks";
				PRODUCT_BUNDLE_IDENTIFIER = com.zyfDreamer.ex.MoXi32ProjectUITests;
				PRODUCT_NAME = "$(TARGET_NAME)";
				TEST_TARGET_NAME = MoXi32Project;
			};
			name = Release;
		};
/* End XCBuildConfiguration section */

/* Begin XCConfigurationList section */
		95EE495C1F2F108B006D1467 /* Build configuration list for PBXProject "MoXi32Project" */ = {
			isa = XCConfigurationList;
			buildConfigurations = (
				95EE498C1F2F108B006D1467 /* Debug */,
				95EE498D1F2F108B006D1467 /* Release */,
			);
			defaultConfigurationIsVisible = 0;
			defaultConfigurationName = Release;
		};
		95EE498E1F2F108B006D1467 /* Build configuration list for PBXNativeTarget "MoXi32Project" */ = {
			isa = XCConfigurationList;
			buildConfigurations = (
				95EE498F1F2F108B006D1467 /* Debug */,
				95EE49901F2F108B006D1467 /* Release */,
			);
			defaultConfigurationIsVisible = 0;
			defaultConfigurationName = Release;
		};
		95EE49911F2F108B006D1467 /* Build configuration list for PBXNativeTarget "MoXi32ProjectTests" */ = {
			isa = XCConfigurationList;
			buildConfigurations = (
				95EE49921F2F108B006D1467 /* Debug */,
				95EE49931F2F108B006D1467 /* Release */,
			);
			defaultConfigurationIsVisible = 0;
			defaultConfigurationName = Release;
		};
		95EE49941F2F108B006D1467 /* Build configuration list for PBXNativeTarget "MoXi32ProjectUITests" */ = {
			isa = XCConfigurationList;
			buildConfigurations = (
				95EE49951F2F108B006D1467 /* Debug */,
				95EE49961F2F108B006D1467 /* Release */,
			);
			defaultConfigurationIsVisible = 0;
			defaultConfigurationName = Release;
		};
/* End XCConfigurationList section */
	};
	rootObject = 95EE49591F2F108B006D1467 /* Project object */;
}
